
Microsoft Visual Studio Solution File, Format Version 12.00
# Visual Studio 14
VisualStudioVersion = 14.0.25420.1
MinimumVisualStudioVersion = 10.0.40219.1
Project("{FAE04EC0-301F-11D3-BF4B-00C04F79EFBC}") = "GV.ONLINE.FOOD.GUI", "GV.ONLINE.FOOD.GUI\GV.ONLINE.FOOD.GUI.csproj", "{D4E1A36C-6617-4928-B892-4906AEC68D7E}"
EndProject
Project("{2150E333-8FDC-42A3-9474-1A3956D46DE8}") = "Business", "Business", "{446DC73B-F1C4-4214-BAE2-91533424317A}"
EndProject
Project("{2150E333-8FDC-42A3-9474-1A3956D46DE8}") = "Common", "Common", "{B13C3A75-48B3-4B0D-AE98-4CB5ADE0AD62}"
EndProject
Project("{2150E333-8FDC-42A3-9474-1A3956D46DE8}") = "Data", "Data", "{3B94C014-1E54-4FCE-9009-35081D112AE8}"
EndProject
Project("{2150E333-8FDC-42A3-9474-1A3956D46DE8}") = "Services", "Services", "{EEB04BC3-C11C-4A81-979D-168A71B52601}"
EndProject
Project("{2150E333-8FDC-42A3-9474-1A3956D46DE8}") = "GUI", "GUI", "{CBA2EC12-DE74-44B4-AB5B-C574DAA02F05}"
EndProject
Project("{2150E333-8FDC-42A3-9474-1A3956D46DE8}") = "Documentation", "Documentation", "{F387D708-5700-4FA3-A464-CD748E0D00FC}"
EndProject
Project("{2150E333-8FDC-42A3-9474-1A3956D46DE8}") = "Scripts", "Scripts", "{CF8DABE1-D070-4448-8780-FEA286F2F1B1}"
EndProject
Project("{FAE04EC0-301F-11D3-BF4B-00C04F79EFBC}") = "GV.ONLINE.FOOD.API.SERVICES", "GV.ONLINE.FOOD.API.SERVICES\GV.ONLINE.FOOD.API.SERVICES.csproj", "{43770BE0-12E6-4355-9242-19229B1FED97}"
EndProject
Project("{FAE04EC0-301F-11D3-BF4B-00C04F79EFBC}") = "GV.ONLINE.FOOD.GUI.Business", "GV.ONLINE.FOOD.GUI.Business\GV.ONLINE.FOOD.GUI.Business.csproj", "{14D38EA5-D3B7-4F45-AB6B-886A2AB241FB}"
EndProject
Project("{FAE04EC0-301F-11D3-BF4B-00C04F79EFBC}") = "GV.ONLINE.FOOD.GUI.Common", "GV.ONLINE.FOOD.GUI.Common\GV.ONLINE.FOOD.GUI.Common.csproj", "{6FB620DE-8CCF-46DD-A6CC-909739EF2A6D}"
EndProject
Project("{FAE04EC0-301F-11D3-BF4B-00C04F79EFBC}") = "GV.ONLINE.FOOD.GUI.Entities", "GV.ONLINE.FOOD.GUI.Entities\GV.ONLINE.FOOD.GUI.Entities.csproj", "{7927CE4A-CA44-4348-AEE7-223A82B37157}"
EndProject
Project("{FAE04EC0-301F-11D3-BF4B-00C04F79EFBC}") = "GV.ONLINE.FOOD.GUI.Datarepository", "GV.ONLINE.FOOD.GUI.Datarepository\GV.ONLINE.FOOD.GUI.Datarepository.csproj", "{B534C0CC-D74F-4447-879E-5C5C6F397910}"
EndProject
Global
	GlobalSection(SolutionConfigurationPlatforms) = preSolution
		Debug|Any CPU = Debug|Any CPU
		Release|Any CPU = Release|Any CPU
	EndGlobalSection
	GlobalSection(ProjectConfigurationPlatforms) = postSolution
		{D4E1A36C-6617-4928-B892-4906AEC68D7E}.Debug|Any CPU.ActiveCfg = Debug|Any CPU
		{D4E1A36C-6617-4928-B892-4906AEC68D7E}.Debug|Any CPU.Build.0 = Debug|Any CPU
		{D4E1A36C-6617-4928-B892-4906AEC68D7E}.Release|Any CPU.ActiveCfg = Release|Any CPU
		{D4E1A36C-6617-4928-B892-4906AEC68D7E}.Release|Any CPU.Build.0 = Release|Any CPU
		{43770BE0-12E6-4355-9242-19229B1FED97}.Debug|Any CPU.ActiveCfg = Debug|Any CPU
		{43770BE0-12E6-4355-9242-19229B1FED97}.Debug|Any CPU.Build.0 = Debug|Any CPU
		{43770BE0-12E6-4355-9242-19229B1FED97}.Release|Any CPU.ActiveCfg = Release|Any CPU
		{43770BE0-12E6-4355-9242-19229B1FED97}.Release|Any CPU.Build.0 = Release|Any CPU
		{14D38EA5-D3B7-4F45-AB6B-886A2AB241FB}.Debug|Any CPU.ActiveCfg = Debug|Any CPU
		{14D38EA5-D3B7-4F45-AB6B-886A2AB241FB}.Debug|Any CPU.Build.0 = Debug|Any CPU
		{14D38EA5-D3B7-4F45-AB6B-886A2AB241FB}.Release|Any CPU.ActiveCfg = Release|Any CPU
		{14D38EA5-D3B7-4F45-AB6B-886A2AB241FB}.Release|Any CPU.Build.0 = Release|Any CPU
		{6FB620DE-8CCF-46DD-A6CC-909739EF2A6D}.Debug|Any CPU.ActiveCfg = Debug|Any CPU
		{6FB620DE-8CCF-46DD-A6CC-909739EF2A6D}.Debug|Any CPU.Build.0 = Debug|Any CPU
		{6FB620DE-8CCF-46DD-A6CC-909739EF2A6D}.Release|Any CPU.ActiveCfg = Release|Any CPU
		{6FB620DE-8CCF-46DD-A6CC-909739EF2A6D}.Release|Any CPU.Build.0 = Release|Any CPU
		{7927CE4A-CA44-4348-AEE7-223A82B37157}.Debug|Any CPU.ActiveCfg = Debug|Any CPU
		{7927CE4A-CA44-4348-AEE7-223A82B37157}.Debug|Any CPU.Build.0 = Debug|Any CPU
		{7927CE4A-CA44-4348-AEE7-223A82B37157}.Release|Any CPU.ActiveCfg = Release|Any CPU
		{7927CE4A-CA44-4348-AEE7-223A82B37157}.Release|Any CPU.Build.0 = Release|Any CPU
		{B534C0CC-D74F-4447-879E-5C5C6F397910}.Debug|Any CPU.ActiveCfg = Debug|Any CPU
		{B534C0CC-D74F-4447-879E-5C5C6F397910}.Debug|Any CPU.Build.0 = Debug|Any CPU
		{B534C0CC-D74F-4447-879E-5C5C6F397910}.Release|Any CPU.ActiveCfg = Release|Any CPU
		{B534C0CC-D74F-4447-879E-5C5C6F397910}.Release|Any CPU.Build.0 = Release|Any CPU
	EndGlobalSection
	GlobalSection(SolutionProperties) = preSolution
		HideSolutionNode = FALSE
	EndGlobalSection
	GlobalSection(NestedProjects) = preSolution
		{D4E1A36C-6617-4928-B892-4906AEC68D7E} = {CBA2EC12-DE74-44B4-AB5B-C574DAA02F05}
		{43770BE0-12E6-4355-9242-19229B1FED97} = {EEB04BC3-C11C-4A81-979D-168A71B52601}
		{14D38EA5-D3B7-4F45-AB6B-886A2AB241FB} = {446DC73B-F1C4-4214-BAE2-91533424317A}
		{6FB620DE-8CCF-46DD-A6CC-909739EF2A6D} = {B13C3A75-48B3-4B0D-AE98-4CB5ADE0AD62}
		{7927CE4A-CA44-4348-AEE7-223A82B37157} = {B13C3A75-48B3-4B0D-AE98-4CB5ADE0AD62}
		{B534C0CC-D74F-4447-879E-5C5C6F397910} = {3B94C014-1E54-4FCE-9009-35081D112AE8}
	EndGlobalSection
EndGlobal
